
Microsoft Visual Studio Solution File, Format Version 12.00
# Visual Studio Version 17
VisualStudioVersion = 17.5.002.0
MinimumVisualStudioVersion = 10.0.40219.1
Project("{9A19103F-16F7-4668-BE54-9A1E7A4F7556}") = "Assignment1b", "Assignment1b.csproj", "{994B6EDD-49AF-48BA-9767-2FC951A4420A}"
EndProject
Global
	GlobalSection(SolutionConfigurationPlatforms) = preSolution
		Debug|Any CPU = Debug|Any CPU
		Release|Any CPU = Release|Any CPU
	EndGlobalSection
	GlobalSection(ProjectConfigurationPlatforms) = postSolution
		{994B6EDD-49AF-48BA-9767-2FC951A4420A}.Debug|Any CPU.ActiveCfg = Debug|Any CPU
		{994B6EDD-49AF-48BA-9767-2FC951A4420A}.Debug|Any CPU.Build.0 = Debug|Any CPU
		{994B6EDD-49AF-48BA-9767-2FC951A4420A}.Release|Any CPU.ActiveCfg = Release|Any CPU
		{994B6EDD-49AF-48BA-9767-2FC951A4420A}.Release|Any CPU.Build.0 = Release|Any CPU
	EndGlobalSection
	GlobalSection(SolutionProperties) = preSolution
		HideSolutionNode = FALSE
	EndGlobalSection
	GlobalSection(ExtensibilityGlobals) = postSolution
		SolutionGuid = {E253FF13-CBDE-41F4-BBC9-B503D3488EDB}
	EndGlobalSection
EndGlobal
